
Microsoft Visual Studio Solution File, Format Version 12.00
# Visual Studio Version 17
VisualStudioVersion = 17.9.34622.214
MinimumVisualStudioVersion = 10.0.40219.1
Project("{9A19103F-16F7-4668-BE54-9A1E7A4F7556}") = "QuanLyTiecCuoi", "QuanLyTiecCuoi\QuanLyTiecCuoi.csproj", "{9FAA861B-CCBD-494F-8B79-58D2EC73061B}"
EndProject
Global
	GlobalSection(SolutionConfigurationPlatforms) = preSolution
		Debug|Any CPU = Debug|Any CPU
		Release|Any CPU = Release|Any CPU
	EndGlobalSection
	GlobalSection(ProjectConfigurationPlatforms) = postSolution
		{9FAA861B-CCBD-494F-8B79-58D2EC73061B}.Debug|Any CPU.ActiveCfg = Debug|Any CPU
		{9FAA861B-CCBD-494F-8B79-58D2EC73061B}.Debug|Any CPU.Build.0 = Debug|Any CPU
		{9FAA861B-CCBD-494F-8B79-58D2EC73061B}.Release|Any CPU.ActiveCfg = Release|Any CPU
		{9FAA861B-CCBD-494F-8B79-58D2EC73061B}.Release|Any CPU.Build.0 = Release|Any CPU
	EndGlobalSection
	GlobalSection(SolutionProperties) = preSolution
		HideSolutionNode = FALSE
	EndGlobalSection
	GlobalSection(ExtensibilityGlobals) = postSolution
		SolutionGuid = {2562CE6F-844D-493E-8115-F0EF95F6E839}
	EndGlobalSection
EndGlobal
